
Microsoft Visual Studio Solution File, Format Version 12.00
# Visual Studio Version 16
VisualStudioVersion = 16.0.34407.143
MinimumVisualStudioVersion = 10.0.40219.1
Project("{FAE04EC0-301F-11D3-BF4B-00C04F79EFBC}") = "InputAssignment", "InputAssignment\InputAssignment.csproj", "{E08A2448-F174-4F4E-B938-AE3749D2220C}"
EndProject
Global
	GlobalSection(SolutionConfigurationPlatforms) = preSolution
		Debug|Any CPU = Debug|Any CPU
		Release|Any CPU = Release|Any CPU
	EndGlobalSection
	GlobalSection(ProjectConfigurationPlatforms) = postSolution
		{E08A2448-F174-4F4E-B938-AE3749D2220C}.Debug|Any CPU.ActiveCfg = Debug|Any CPU
		{E08A2448-F174-4F4E-B938-AE3749D2220C}.Debug|Any CPU.Build.0 = Debug|Any CPU
		{E08A2448-F174-4F4E-B938-AE3749D2220C}.Release|Any CPU.ActiveCfg = Release|Any CPU
		{E08A2448-F174-4F4E-B938-AE3749D2220C}.Release|Any CPU.Build.0 = Release|Any CPU
	EndGlobalSection
	GlobalSection(SolutionProperties) = preSolution
		HideSolutionNode = FALSE
	EndGlobalSection
	GlobalSection(ExtensibilityGlobals) = postSolution
		SolutionGuid = {A050CEFE-EFAB-41A2-B00D-6ECF6002F8C4}
	EndGlobalSection
EndGlobal
